// !$*UTF8*$!
{
	archiveVersion = 1;
	classes = {
	};
	objectVersion = 56;
	objects = {

/* Begin PBXBuildFile section */
		FF66DF2E2B5693300033B249 /* priceAmericanPut.cpp in Sources */ = {isa = PBXBuildFile; fileRef = FF66DF2C2B5693300033B249 /* priceAmericanPut.cpp */; };
		FF66DF322B5698300033B249 /* stock.cpp in Sources */ = {isa = PBXBuildFile; fileRef = FF66DF302B5698300033B249 /* stock.cpp */; };
		FF66DF382B5705700033B249 /* simulationConfig.cpp in Sources */ = {isa = PBXBuildFile; fileRef = FF66DF362B5705700033B249 /* simulationConfig.cpp */; };
		FF66DF392B5705700033B249 /* simulationConfig.hpp in Headers */ = {isa = PBXBuildFile; fileRef = FF66DF372B5705700033B249 /* simulationConfig.hpp */; };
		FF66DF3C2B571CA70033B249 /* pricer.cpp in Sources */ = {isa = PBXBuildFile; fileRef = FF66DF3A2B571CA70033B249 /* pricer.cpp */; };
		FF66DF3D2B571CA70033B249 /* pricer.hpp in Headers */ = {isa = PBXBuildFile; fileRef = FF66DF3B2B571CA70033B249 /* pricer.hpp */; };
		FF66DF422B573B610033B249 /* backtest.cpp in Sources */ = {isa = PBXBuildFile; fileRef = FF66DF402B573B610033B249 /* backtest.cpp */; };
		FF66DF432B573B610033B249 /* backtest.hpp in Headers */ = {isa = PBXBuildFile; fileRef = FF66DF412B573B610033B249 /* backtest.hpp */; };
		FF66DF462B573D080033B249 /* market.cpp in Sources */ = {isa = PBXBuildFile; fileRef = FF66DF442B573D080033B249 /* market.cpp */; };
		FF66DF472B573D080033B249 /* market.hpp in Headers */ = {isa = PBXBuildFile; fileRef = FF66DF452B573D080033B249 /* market.hpp */; };
		FF7DAF502B4B1C3D00FE647C /* complx.cpp in Sources */ = {isa = PBXBuildFile; fileRef = FF7DAF4F2B4B1C3D00FE647C /* complx.cpp */; };
		FF7DAF522B4B1C6E00FE647C /* option.cpp in Sources */ = {isa = PBXBuildFile; fileRef = FF7DAF512B4B1C6E00FE647C /* option.cpp */; };
		FF7DAF542B4B3E6C00FE647C /* util.cpp in Sources */ = {isa = PBXBuildFile; fileRef = FF7DAF532B4B3E6C00FE647C /* util.cpp */; };
		FFDCD6AC2B574D400098C1D3 /* matrix.cpp in Sources */ = {isa = PBXBuildFile; fileRef = FFDCD6AB2B574D400098C1D3 /* matrix.cpp */; };
/* End PBXBuildFile section */

/* Begin PBXFileReference section */
		FF66DF2C2B5693300033B249 /* priceAmericanPut.cpp */ = {isa = PBXFileReference; lastKnownFileType = sourcecode.cpp.cpp; path = priceAmericanPut.cpp; sourceTree = "<group>"; };
		FF66DF302B5698300033B249 /* stock.cpp */ = {isa = PBXFileReference; lastKnownFileType = sourcecode.cpp.cpp; path = stock.cpp; sourceTree = "<group>"; };
		FF66DF342B5700BD0033B249 /* stock.h */ = {isa = PBXFileReference; lastKnownFileType = sourcecode.c.h; path = stock.h; sourceTree = "<group>"; };
		FF66DF362B5705700033B249 /* simulationConfig.cpp */ = {isa = PBXFileReference; lastKnownFileType = sourcecode.cpp.cpp; path = simulationConfig.cpp; sourceTree = "<group>"; };
		FF66DF372B5705700033B249 /* simulationConfig.hpp */ = {isa = PBXFileReference; lastKnownFileType = sourcecode.cpp.h; path = simulationConfig.hpp; sourceTree = "<group>"; };
		FF66DF3A2B571CA70033B249 /* pricer.cpp */ = {isa = PBXFileReference; lastKnownFileType = sourcecode.cpp.cpp; path = pricer.cpp; sourceTree = "<group>"; };
		FF66DF3B2B571CA70033B249 /* pricer.hpp */ = {isa = PBXFileReference; lastKnownFileType = sourcecode.cpp.h; path = pricer.hpp; sourceTree = "<group>"; };
		FF66DF3E2B57303D0033B249 /* option.h */ = {isa = PBXFileReference; lastKnownFileType = sourcecode.c.h; path = option.h; sourceTree = "<group>"; };
		FF66DF402B573B610033B249 /* backtest.cpp */ = {isa = PBXFileReference; lastKnownFileType = sourcecode.cpp.cpp; path = backtest.cpp; sourceTree = "<group>"; };
		FF66DF412B573B610033B249 /* backtest.hpp */ = {isa = PBXFileReference; lastKnownFileType = sourcecode.cpp.h; path = backtest.hpp; sourceTree = "<group>"; };
		FF66DF442B573D080033B249 /* market.cpp */ = {isa = PBXFileReference; lastKnownFileType = sourcecode.cpp.cpp; path = market.cpp; sourceTree = "<group>"; };
		FF66DF452B573D080033B249 /* market.hpp */ = {isa = PBXFileReference; lastKnownFileType = sourcecode.cpp.h; path = market.hpp; sourceTree = "<group>"; };
		FF7DAF4F2B4B1C3D00FE647C /* complx.cpp */ = {isa = PBXFileReference; lastKnownFileType = sourcecode.cpp.cpp; path = complx.cpp; sourceTree = "<group>"; };
		FF7DAF512B4B1C6E00FE647C /* option.cpp */ = {isa = PBXFileReference; lastKnownFileType = sourcecode.cpp.cpp; path = option.cpp; sourceTree = "<group>"; };
		FF7DAF532B4B3E6C00FE647C /* util.cpp */ = {isa = PBXFileReference; lastKnownFileType = sourcecode.cpp.cpp; path = util.cpp; sourceTree = "<group>"; };
		FF8C81F72B4A8D2C005922FF /* libOptionsPricing.a */ = {isa = PBXFileReference; explicitFileType = archive.ar; includeInIndex = 0; path = libOptionsPricing.a; sourceTree = BUILT_PRODUCTS_DIR; };
		FFDCD6AB2B574D400098C1D3 /* matrix.cpp */ = {isa = PBXFileReference; lastKnownFileType = sourcecode.cpp.cpp; path = matrix.cpp; sourceTree = "<group>"; };
/* End PBXFileReference section */

/* Begin PBXFrameworksBuildPhase section */
		FF8C81F52B4A8D2C005922FF /* Frameworks */ = {
			isa = PBXFrameworksBuildPhase;
			buildActionMask = 2147483647;
			files = (
			);
			runOnlyForDeploymentPostprocessing = 0;
		};
/* End PBXFrameworksBuildPhase section */

/* Begin PBXGroup section */
		FF66DF2B2B5693190033B249 /* optionPricingTests */ = {
			isa = PBXGroup;
			children = (
				FF66DF2C2B5693300033B249 /* priceAmericanPut.cpp */,
			);
			path = optionPricingTests;
			sourceTree = "<group>";
		};
		FF8C81EE2B4A8D2C005922FF = {
			isa = PBXGroup;
			children = (
				FF8C81F92B4A8D2C005922FF /* OptionsPricing */,
				FF66DF2B2B5693190033B249 /* optionPricingTests */,
				FF8C81F82B4A8D2C005922FF /* Products */,
			);
			sourceTree = "<group>";
		};
		FF8C81F82B4A8D2C005922FF /* Products */ = {
			isa = PBXGroup;
			children = (
				FF8C81F72B4A8D2C005922FF /* libOptionsPricing.a */,
			);
			name = Products;
			sourceTree = "<group>";
		};
		FF8C81F92B4A8D2C005922FF /* OptionsPricing */ = {
			isa = PBXGroup;
			children = (
				FF7DAF4F2B4B1C3D00FE647C /* complx.cpp */,
				FFDCD6AB2B574D400098C1D3 /* matrix.cpp */,
				FF7DAF512B4B1C6E00FE647C /* option.cpp */,
				FF66DF3E2B57303D0033B249 /* option.h */,
				FF66DF3A2B571CA70033B249 /* pricer.cpp */,
				FF66DF3B2B571CA70033B249 /* pricer.hpp */,
				FF66DF442B573D080033B249 /* market.cpp */,
				FF66DF452B573D080033B249 /* market.hpp */,
				FF66DF402B573B610033B249 /* backtest.cpp */,
				FF66DF412B573B610033B249 /* backtest.hpp */,
				FF66DF302B5698300033B249 /* stock.cpp */,
				FF66DF342B5700BD0033B249 /* stock.h */,
				FF7DAF532B4B3E6C00FE647C /* util.cpp */,
				FF66DF362B5705700033B249 /* simulationConfig.cpp */,
				FF66DF372B5705700033B249 /* simulationConfig.hpp */,
			);
			path = OptionsPricing;
			sourceTree = "<group>";
		};
/* End PBXGroup section */

/* Begin PBXHeadersBuildPhase section */
		FF8C81F32B4A8D2C005922FF /* Headers */ = {
			isa = PBXHeadersBuildPhase;
			buildActionMask = 2147483647;
			files = (
				FF66DF472B573D080033B249 /* market.hpp in Headers */,
				FF66DF432B573B610033B249 /* backtest.hpp in Headers */,
				FF66DF392B5705700033B249 /* simulationConfig.hpp in Headers */,
				FF66DF3D2B571CA70033B249 /* pricer.hpp in Headers */,
			);
			runOnlyForDeploymentPostprocessing = 0;
		};
/* End PBXHeadersBuildPhase section */

/* Begin PBXNativeTarget section */
		FF8C81F62B4A8D2C005922FF /* OptionsPricing */ = {
			isa = PBXNativeTarget;
			buildConfigurationList = FF8C82022B4A8D2C005922FF /* Build configuration list for PBXNativeTarget "OptionsPricing" */;
			buildPhases = (
				FF8C81F32B4A8D2C005922FF /* Headers */,
				FF8C81F42B4A8D2C005922FF /* Sources */,
				FF8C81F52B4A8D2C005922FF /* Frameworks */,
			);
			buildRules = (
			);
			dependencies = (
			);
			name = OptionsPricing;
			productName = OptionsPricing;
			productReference = FF8C81F72B4A8D2C005922FF /* libOptionsPricing.a */;
			productType = "com.apple.product-type.library.static";
		};
/* End PBXNativeTarget section */

/* Begin PBXProject section */
		FF8C81EF2B4A8D2C005922FF /* Project object */ = {
			isa = PBXProject;
			attributes = {
				BuildIndependentTargetsInParallel = 1;
				LastUpgradeCheck = 1430;
				TargetAttributes = {
					FF8C81F62B4A8D2C005922FF = {
						CreatedOnToolsVersion = 14.3.1;
					};
				};
			};
			buildConfigurationList = FF8C81F22B4A8D2C005922FF /* Build configuration list for PBXProject "OptionsPricing" */;
			compatibilityVersion = "Xcode 14.0";
			developmentRegion = en;
			hasScannedForEncodings = 0;
			knownRegions = (
				en,
				Base,
			);
			mainGroup = FF8C81EE2B4A8D2C005922FF;
			productRefGroup = FF8C81F82B4A8D2C005922FF /* Products */;
			projectDirPath = "";
			projectRoot = "";
			targets = (
				FF8C81F62B4A8D2C005922FF /* OptionsPricing */,
			);
		};
/* End PBXProject section */

/* Begin PBXSourcesBuildPhase section */
		FF8C81F42B4A8D2C005922FF /* Sources */ = {
			isa = PBXSourcesBuildPhase;
			buildActionMask = 2147483647;
			files = (
				FFDCD6AC2B574D400098C1D3 /* matrix.cpp in Sources */,
				FF66DF3C2B571CA70033B249 /* pricer.cpp in Sources */,
				FF66DF462B573D080033B249 /* market.cpp in Sources */,
				FF66DF422B573B610033B249 /* backtest.cpp in Sources */,
				FF7DAF502B4B1C3D00FE647C /* complx.cpp in Sources */,
				FF66DF2E2B5693300033B249 /* priceAmericanPut.cpp in Sources */,
				FF66DF382B5705700033B249 /* simulationConfig.cpp in Sources */,
				FF7DAF542B4B3E6C00FE647C /* util.cpp in Sources */,
				FF66DF322B5698300033B249 /* stock.cpp in Sources */,
				FF7DAF522B4B1C6E00FE647C /* option.cpp in Sources */,
			);
			runOnlyForDeploymentPostprocessing = 0;
		};
/* End PBXSourcesBuildPhase section */

/* Begin XCBuildConfiguration section */
		FF8C82002B4A8D2C005922FF /* Debug */ = {
			isa = XCBuildConfiguration;
			buildSettings = {
				ALWAYS_SEARCH_USER_PATHS = NO;
				CLANG_ANALYZER_NONNULL = YES;
				CLANG_ANALYZER_NUMBER_OBJECT_CONVERSION = YES_AGGRESSIVE;
				CLANG_CXX_LANGUAGE_STANDARD = "c++0x";
				CLANG_ENABLE_MODULES = YES;
				CLANG_ENABLE_OBJC_ARC = YES;
				CLANG_ENABLE_OBJC_WEAK = YES;
				CLANG_WARN_BLOCK_CAPTURE_AUTORELEASING = YES;
				CLANG_WARN_BOOL_CONVERSION = YES;
				CLANG_WARN_COMMA = YES;
				CLANG_WARN_CONSTANT_CONVERSION = YES;
				CLANG_WARN_DEPRECATED_OBJC_IMPLEMENTATIONS = YES;
				CLANG_WARN_DIRECT_OBJC_ISA_USAGE = YES_ERROR;
				CLANG_WARN_DOCUMENTATION_COMMENTS = YES;
				CLANG_WARN_EMPTY_BODY = YES;
				CLANG_WARN_ENUM_CONVERSION = YES;
				CLANG_WARN_INFINITE_RECURSION = YES;
				CLANG_WARN_INT_CONVERSION = YES;
				CLANG_WARN_NON_LITERAL_NULL_CONVERSION = YES;
				CLANG_WARN_OBJC_IMPLICIT_RETAIN_SELF = YES;
				CLANG_WARN_OBJC_LITERAL_CONVERSION = YES;
				CLANG_WARN_OBJC_ROOT_CLASS = YES_ERROR;
				CLANG_WARN_QUOTED_INCLUDE_IN_FRAMEWORK_HEADER = YES;
				CLANG_WARN_RANGE_LOOP_ANALYSIS = YES;
				CLANG_WARN_STRICT_PROTOTYPES = YES;
				CLANG_WARN_SUSPICIOUS_MOVE = YES;
				CLANG_WARN_UNGUARDED_AVAILABILITY = YES_AGGRESSIVE;
				CLANG_WARN_UNREACHABLE_CODE = YES;
				CLANG_WARN__DUPLICATE_METHOD_MATCH = YES;
				COPY_PHASE_STRIP = NO;
				DEBUG_INFORMATION_FORMAT = dwarf;
				ENABLE_STRICT_OBJC_MSGSEND = YES;
				ENABLE_TESTABILITY = YES;
				GCC_C_LANGUAGE_STANDARD = gnu11;
				GCC_DYNAMIC_NO_PIC = NO;
				GCC_NO_COMMON_BLOCKS = YES;
				GCC_OPTIMIZATION_LEVEL = 0;
				GCC_PREPROCESSOR_DEFINITIONS = (
					"DEBUG=1",
					"$(inherited)",
				);
				GCC_WARN_64_TO_32_BIT_CONVERSION = YES;
				GCC_WARN_ABOUT_RETURN_TYPE = YES_ERROR;
				GCC_WARN_UNDECLARED_SELECTOR = YES;
				GCC_WARN_UNINITIALIZED_AUTOS = YES_AGGRESSIVE;
				GCC_WARN_UNUSED_FUNCTION = YES;
				GCC_WARN_UNUSED_VARIABLE = YES;
				MACOSX_DEPLOYMENT_TARGET = 13.1;
				MTL_ENABLE_DEBUG_INFO = INCLUDE_SOURCE;
				MTL_FAST_MATH = YES;
				ONLY_ACTIVE_ARCH = YES;
				SDKROOT = macosx;
			};
			name = Debug;
		};
		FF8C82012B4A8D2C005922FF /* Release */ = {
			isa = XCBuildConfiguration;
			buildSettings = {
				ALWAYS_SEARCH_USER_PATHS = NO;
				CLANG_ANALYZER_NONNULL = YES;
				CLANG_ANALYZER_NUMBER_OBJECT_CONVERSION = YES_AGGRESSIVE;
				CLANG_CXX_LANGUAGE_STANDARD = "c++0x";
				CLANG_ENABLE_MODULES = YES;
				CLANG_ENABLE_OBJC_ARC = YES;
				CLANG_ENABLE_OBJC_WEAK = YES;
				CLANG_WARN_BLOCK_CAPTURE_AUTORELEASING = YES;
				CLANG_WARN_BOOL_CONVERSION = YES;
				CLANG_WARN_COMMA = YES;
				CLANG_WARN_CONSTANT_CONVERSION = YES;
				CLANG_WARN_DEPRECATED_OBJC_IMPLEMENTATIONS = YES;
				CLANG_WARN_DIRECT_OBJC_ISA_USAGE = YES_ERROR;
				CLANG_WARN_DOCUMENTATION_COMMENTS = YES;
				CLANG_WARN_EMPTY_BODY = YES;
				CLANG_WARN_ENUM_CONVERSION = YES;
				CLANG_WARN_INFINITE_RECURSION = YES;
				CLANG_WARN_INT_CONVERSION = YES;
				CLANG_WARN_NON_LITERAL_NULL_CONVERSION = YES;
				CLANG_WARN_OBJC_IMPLICIT_RETAIN_SELF = YES;
				CLANG_WARN_OBJC_LITERAL_CONVERSION = YES;
				CLANG_WARN_OBJC_ROOT_CLASS = YES_ERROR;
				CLANG_WARN_QUOTED_INCLUDE_IN_FRAMEWORK_HEADER = YES;
				CLANG_WARN_RANGE_LOOP_ANALYSIS = YES;
				CLANG_WARN_STRICT_PROTOTYPES = YES;
				CLANG_WARN_SUSPICIOUS_MOVE = YES;
				CLANG_WARN_UNGUARDED_AVAILABILITY = YES_AGGRESSIVE;
				CLANG_WARN_UNREACHABLE_CODE = YES;
				CLANG_WARN__DUPLICATE_METHOD_MATCH = YES;
				COPY_PHASE_STRIP = NO;
				DEBUG_INFORMATION_FORMAT = "dwarf-with-dsym";
				ENABLE_NS_ASSERTIONS = NO;
				ENABLE_STRICT_OBJC_MSGSEND = YES;
				GCC_C_LANGUAGE_STANDARD = gnu11;
				GCC_NO_COMMON_BLOCKS = YES;
				GCC_WARN_64_TO_32_BIT_CONVERSION = YES;
				GCC_WARN_ABOUT_RETURN_TYPE = YES_ERROR;
				GCC_WARN_UNDECLARED_SELECTOR = YES;
				GCC_WARN_UNINITIALIZED_AUTOS = YES_AGGRESSIVE;
				GCC_WARN_UNUSED_FUNCTION = YES;
				GCC_WARN_UNUSED_VARIABLE = YES;
				MACOSX_DEPLOYMENT_TARGET = 13.1;
				MTL_ENABLE_DEBUG_INFO = NO;
				MTL_FAST_MATH = YES;
				SDKROOT = macosx;
			};
			name = Release;
		};
		FF8C82032B4A8D2C005922FF /* Debug */ = {
			isa = XCBuildConfiguration;
			buildSettings = {
				CODE_SIGN_STYLE = Automatic;
				EXECUTABLE_PREFIX = lib;
				GCC_ENABLE_CPP_EXCEPTIONS = YES;
				GCC_ENABLE_CPP_RTTI = YES;
				HEADER_SEARCH_PATHS = "";
				"HEADER_SEARCH_PATHS[arch=*]" = (
					"/Users/kohsheentiku/Desktop/Open-source/eigen-3.4.0/Eigen",
					"/Users/kohsheentiku/Desktop/Open-source/eigen-3.4.0",
					/opt/homebrew/Cellar/boost/1.83.0/include,
					/opt/homebrew/Cellar/boost,
				);
				PRODUCT_NAME = "$(TARGET_NAME)";
				SKIP_INSTALL = YES;
			};
			name = Debug;
		};
		FF8C82042B4A8D2C005922FF /* Release */ = {
			isa = XCBuildConfiguration;
			buildSettings = {
				CODE_SIGN_STYLE = Automatic;
				EXECUTABLE_PREFIX = lib;
				GCC_ENABLE_CPP_EXCEPTIONS = YES;
				GCC_ENABLE_CPP_RTTI = YES;
				HEADER_SEARCH_PATHS = "";
				"HEADER_SEARCH_PATHS[arch=*]" = (
					"/Users/kohsheentiku/Desktop/Open-source/eigen-3.4.0/Eigen",
					"/Users/kohsheentiku/Desktop/Open-source/eigen-3.4.0",
					/opt/homebrew/Cellar/boost,
					/opt/homebrew/Cellar/boost/1.83.0/include,
					/opt/homebrew/Cellar/boost/1.83.0/include/boost,
				);
				PRODUCT_NAME = "$(TARGET_NAME)";
				SKIP_INSTALL = YES;
			};
			name = Release;
		};
/* End XCBuildConfiguration section */

/* Begin XCConfigurationList section */
		FF8C81F22B4A8D2C005922FF /* Build configuration list for PBXProject "OptionsPricing" */ = {
			isa = XCConfigurationList;
			buildConfigurations = (
				FF8C82002B4A8D2C005922FF /* Debug */,
				FF8C82012B4A8D2C005922FF /* Release */,
			);
			defaultConfigurationIsVisible = 0;
			defaultConfigurationName = Release;
		};
		FF8C82022B4A8D2C005922FF /* Build configuration list for PBXNativeTarget "OptionsPricing" */ = {
			isa = XCConfigurationList;
			buildConfigurations = (
				FF8C82032B4A8D2C005922FF /* Debug */,
				FF8C82042B4A8D2C005922FF /* Release */,
			);
			defaultConfigurationIsVisible = 0;
			defaultConfigurationName = Release;
		};
/* End XCConfigurationList section */
	};
	rootObject = FF8C81EF2B4A8D2C005922FF /* Project object */;
}
